
Microsoft Visual Studio Solution File, Format Version 12.00
# Visual Studio Version 16
VisualStudioVersion = 16.0.29613.14
MinimumVisualStudioVersion = 10.0.40219.1
Project("{FAE04EC0-301F-11D3-BF4B-00C04F79EFBC}") = "InnerCore.Api.HueSync", "InnerCore.Api.HueSync\InnerCore.Api.HueSync.csproj", "{6EB26AFA-1450-437E-A01B-9B0DBB8C0633}"
EndProject
Global
	GlobalSection(SolutionConfigurationPlatforms) = preSolution
		Debug|Any CPU = Debug|Any CPU
		Release|Any CPU = Release|Any CPU
	EndGlobalSection
	GlobalSection(ProjectConfigurationPlatforms) = postSolution
		{6EB26AFA-1450-437E-A01B-9B0DBB8C0633}.Debug|Any CPU.ActiveCfg = Debug|Any CPU
		{6EB26AFA-1450-437E-A01B-9B0DBB8C0633}.Debug|Any CPU.Build.0 = Debug|Any CPU
		{6EB26AFA-1450-437E-A01B-9B0DBB8C0633}.Release|Any CPU.ActiveCfg = Release|Any CPU
		{6EB26AFA-1450-437E-A01B-9B0DBB8C0633}.Release|Any CPU.Build.0 = Release|Any CPU
	EndGlobalSection
	GlobalSection(SolutionProperties) = preSolution
		HideSolutionNode = FALSE
	EndGlobalSection
	GlobalSection(ExtensibilityGlobals) = postSolution
		SolutionGuid = {6095E5DE-4F59-4DD3-A1A3-5A2665AF1C85}
	EndGlobalSection
EndGlobal
